
Microsoft Visual Studio Solution File, Format Version 12.00
# Visual Studio Version 17
VisualStudioVersion = 17.13.35931.197
MinimumVisualStudioVersion = 10.0.40219.1
Project("{FAE04EC0-301F-11D3-BF4B-00C04F79EFBC}") = "Dsw2025Ej13.Presentation", "Dsw2025Ej13\Dsw2025Ej13.Presentation.csproj", "{AB1DAAC4-B6CE-46AF-B54A-35C0517461E8}"
EndProject
Project("{FAE04EC0-301F-11D3-BF4B-00C04F79EFBC}") = "Dsw2025Ej13.Domain", "Dsw2025Ej13.Domain\Dsw2025Ej13.Domain.csproj", "{4A85A0A2-7A8E-4959-B053-746D30E6B1BB}"
EndProject
Project("{FAE04EC0-301F-11D3-BF4B-00C04F79EFBC}") = "Dsw2025Ej13.Data", "Dsw2025Ej13.Data\Dsw2025Ej13.Data.csproj", "{4AA07B85-2882-4CD8-AF1C-39CF481D2AD9}"
EndProject
Global
	GlobalSection(SolutionConfigurationPlatforms) = preSolution
		Debug|Any CPU = Debug|Any CPU
		Release|Any CPU = Release|Any CPU
	EndGlobalSection
	GlobalSection(ProjectConfigurationPlatforms) = postSolution
		{AB1DAAC4-B6CE-46AF-B54A-35C0517461E8}.Debug|Any CPU.ActiveCfg = Debug|Any CPU
		{AB1DAAC4-B6CE-46AF-B54A-35C0517461E8}.Debug|Any CPU.Build.0 = Debug|Any CPU
		{AB1DAAC4-B6CE-46AF-B54A-35C0517461E8}.Release|Any CPU.ActiveCfg = Release|Any CPU
		{AB1DAAC4-B6CE-46AF-B54A-35C0517461E8}.Release|Any CPU.Build.0 = Release|Any CPU
		{4A85A0A2-7A8E-4959-B053-746D30E6B1BB}.Debug|Any CPU.ActiveCfg = Debug|Any CPU
		{4A85A0A2-7A8E-4959-B053-746D30E6B1BB}.Debug|Any CPU.Build.0 = Debug|Any CPU
		{4A85A0A2-7A8E-4959-B053-746D30E6B1BB}.Release|Any CPU.ActiveCfg = Release|Any CPU
		{4A85A0A2-7A8E-4959-B053-746D30E6B1BB}.Release|Any CPU.Build.0 = Release|Any CPU
		{4AA07B85-2882-4CD8-AF1C-39CF481D2AD9}.Debug|Any CPU.ActiveCfg = Debug|Any CPU
		{4AA07B85-2882-4CD8-AF1C-39CF481D2AD9}.Debug|Any CPU.Build.0 = Debug|Any CPU
		{4AA07B85-2882-4CD8-AF1C-39CF481D2AD9}.Release|Any CPU.ActiveCfg = Release|Any CPU
		{4AA07B85-2882-4CD8-AF1C-39CF481D2AD9}.Release|Any CPU.Build.0 = Release|Any CPU
	EndGlobalSection
	GlobalSection(SolutionProperties) = preSolution
		HideSolutionNode = FALSE
	EndGlobalSection
	GlobalSection(ExtensibilityGlobals) = postSolution
		SolutionGuid = {12E1DC6D-173A-4537-A790-ED1392C07667}
	EndGlobalSection
EndGlobal
